# THIS IS AN AUTOGENERATED FILE. DO NOT EDIT THIS FILE DIRECTLY.
# yarn lockfile v1


"@sindresorhus/tsconfig@^0.7.0":
  version "0.7.0"
  resolved "https://registry.yarnpkg.com/@sindresorhus/tsconfig/-/tsconfig-0.7.0.tgz#8388e864b5e6d72547175ed98152b736df39b20a"
  integrity sha512-on7+0FFpUH7+g5iLFkmk0oruqzE6uUnpKK0D6HM637aIvQ/mlXz33VlamsS4TSU6pifWSNIrUxrNKjAReU2Juw==
